
Microsoft Visual Studio Solution File, Format Version 12.00
Project("{FAE04EC0-301F-11D3-BF4B-00C04F79EFBC}") = "Invoiceify.API", "Invoiceify.API\Invoiceify.API.csproj", "{32CFC09D-F87A-4433-B64D-E8AC54FEE9EC}"
EndProject
Project("{FAE04EC0-301F-11D3-BF4B-00C04F79EFBC}") = "Invoiceify.Entities", "Invoiceify.Entities\Invoiceify.Entities.csproj", "{F602D2CB-E2E3-4C7A-91BD-11E157C35B63}"
EndProject
Global
	GlobalSection(SolutionConfigurationPlatforms) = preSolution
		Debug|Any CPU = Debug|Any CPU
		Release|Any CPU = Release|Any CPU
	EndGlobalSection
	GlobalSection(ProjectConfigurationPlatforms) = postSolution
		{32CFC09D-F87A-4433-B64D-E8AC54FEE9EC}.Debug|Any CPU.ActiveCfg = Debug|Any CPU
		{32CFC09D-F87A-4433-B64D-E8AC54FEE9EC}.Debug|Any CPU.Build.0 = Debug|Any CPU
		{32CFC09D-F87A-4433-B64D-E8AC54FEE9EC}.Release|Any CPU.ActiveCfg = Release|Any CPU
		{32CFC09D-F87A-4433-B64D-E8AC54FEE9EC}.Release|Any CPU.Build.0 = Release|Any CPU
		{F602D2CB-E2E3-4C7A-91BD-11E157C35B63}.Debug|Any CPU.ActiveCfg = Debug|Any CPU
		{F602D2CB-E2E3-4C7A-91BD-11E157C35B63}.Debug|Any CPU.Build.0 = Debug|Any CPU
		{F602D2CB-E2E3-4C7A-91BD-11E157C35B63}.Release|Any CPU.ActiveCfg = Release|Any CPU
		{F602D2CB-E2E3-4C7A-91BD-11E157C35B63}.Release|Any CPU.Build.0 = Release|Any CPU
	EndGlobalSection
EndGlobal
